
Microsoft Visual Studio Solution File, Format Version 12.00
# Visual Studio Version 17
VisualStudioVersion = 17.2.32616.157
MinimumVisualStudioVersion = 10.0.40219.1
Project("{FAE04EC0-301F-11D3-BF4B-00C04F79EFBC}") = "4_1_05", "4_1_05.csproj", "{3CBF3452-6A47-4B71-A005-294AD14DC78E}"
EndProject
Global
	GlobalSection(SolutionConfigurationPlatforms) = preSolution
		Debug|Any CPU = Debug|Any CPU
		Release|Any CPU = Release|Any CPU
	EndGlobalSection
	GlobalSection(ProjectConfigurationPlatforms) = postSolution
		{3CBF3452-6A47-4B71-A005-294AD14DC78E}.Debug|Any CPU.ActiveCfg = Debug|Any CPU
		{3CBF3452-6A47-4B71-A005-294AD14DC78E}.Debug|Any CPU.Build.0 = Debug|Any CPU
		{3CBF3452-6A47-4B71-A005-294AD14DC78E}.Release|Any CPU.ActiveCfg = Release|Any CPU
		{3CBF3452-6A47-4B71-A005-294AD14DC78E}.Release|Any CPU.Build.0 = Release|Any CPU
	EndGlobalSection
	GlobalSection(SolutionProperties) = preSolution
		HideSolutionNode = FALSE
	EndGlobalSection
	GlobalSection(ExtensibilityGlobals) = postSolution
		SolutionGuid = {8BFD8E90-09BB-4E51-943B-448BD1175045}
	EndGlobalSection
EndGlobal
